
Microsoft Visual Studio Solution File, Format Version 12.00
# Visual Studio Version 16
VisualStudioVersion = 16.0.28803.452
MinimumVisualStudioVersion = 10.0.40219.1
Project("{8BC9CEB8-8B4A-11D0-8D11-00A0C91BC942}") = "Game", "Game\Game.vcxproj", "{6ADF519A-8007-409F-A76B-3F4E657ADEFD}"
EndProject
Global
	GlobalSection(SolutionConfigurationPlatforms) = preSolution
		Debug|x64 = Debug|x64
		Debug|x86 = Debug|x86
		Release|x64 = Release|x64
		Release|x86 = Release|x86
	EndGlobalSection
	GlobalSection(ProjectConfigurationPlatforms) = postSolution
		{6ADF519A-8007-409F-A76B-3F4E657ADEFD}.Debug|x64.ActiveCfg = Debug|x64
		{6ADF519A-8007-409F-A76B-3F4E657ADEFD}.Debug|x64.Build.0 = Debug|x64
		{6ADF519A-8007-409F-A76B-3F4E657ADEFD}.Debug|x86.ActiveCfg = Debug|Win32
		{6ADF519A-8007-409F-A76B-3F4E657ADEFD}.Debug|x86.Build.0 = Debug|Win32
		{6ADF519A-8007-409F-A76B-3F4E657ADEFD}.Release|x64.ActiveCfg = Release|x64
		{6ADF519A-8007-409F-A76B-3F4E657ADEFD}.Release|x64.Build.0 = Release|x64
		{6ADF519A-8007-409F-A76B-3F4E657ADEFD}.Release|x86.ActiveCfg = Release|Win32
		{6ADF519A-8007-409F-A76B-3F4E657ADEFD}.Release|x86.Build.0 = Release|Win32
	EndGlobalSection
	GlobalSection(SolutionProperties) = preSolution
		HideSolutionNode = FALSE
	EndGlobalSection
	GlobalSection(ExtensibilityGlobals) = postSolution
		SolutionGuid = {57ACDE61-C3BA-46D5-A3F1-85319684F222}
	EndGlobalSection
EndGlobal
